// !$*UTF8*$!
{
	archiveVersion = 1;
	classes = {
	};
	objectVersion = 50;
	objects = {

/* Begin PBXBuildFile section */
		DC8098FF24F603D20080372F /* AppDelegate.swift in Sources */ = {isa = PBXBuildFile; fileRef = DC8098FE24F603D20080372F /* AppDelegate.swift */; };
		DC80990124F603D20080372F /* SceneDelegate.swift in Sources */ = {isa = PBXBuildFile; fileRef = DC80990024F603D20080372F /* SceneDelegate.swift */; };
		DC80990624F603D20080372F /* Main.storyboard in Resources */ = {isa = PBXBuildFile; fileRef = DC80990424F603D20080372F /* Main.storyboard */; };
		DC80990824F603D30080372F /* Assets.xcassets in Resources */ = {isa = PBXBuildFile; fileRef = DC80990724F603D30080372F /* Assets.xcassets */; };
		DC80990B24F603D30080372F /* LaunchScreen.storyboard in Resources */ = {isa = PBXBuildFile; fileRef = DC80990924F603D30080372F /* LaunchScreen.storyboard */; };
		DC80991624F6F8710080372F /* PaymentSelectionTableVC.swift in Sources */ = {isa = PBXBuildFile; fileRef = DC80991524F6F8710080372F /* PaymentSelectionTableVC.swift */; };
		DC80991824F6FAA90080372F /* RoundedButton.swift in Sources */ = {isa = PBXBuildFile; fileRef = DC80991724F6FAA90080372F /* RoundedButton.swift */; };
		DC80992024FDF97D0080372F /* PaymentHelper.swift in Sources */ = {isa = PBXBuildFile; fileRef = DC80991F24FDF97D0080372F /* PaymentHelper.swift */; };
/* End PBXBuildFile section */

/* Begin PBXFileReference section */
		DC8098FB24F603D20080372F /* TakeMyMoney.app */ = {isa = PBXFileReference; explicitFileType = wrapper.application; includeInIndex = 0; path = TakeMyMoney.app; sourceTree = BUILT_PRODUCTS_DIR; };
		DC8098FE24F603D20080372F /* AppDelegate.swift */ = {isa = PBXFileReference; lastKnownFileType = sourcecode.swift; path = AppDelegate.swift; sourceTree = "<group>"; };
		DC80990024F603D20080372F /* SceneDelegate.swift */ = {isa = PBXFileReference; lastKnownFileType = sourcecode.swift; path = SceneDelegate.swift; sourceTree = "<group>"; };
		DC80990524F603D20080372F /* Base */ = {isa = PBXFileReference; lastKnownFileType = file.storyboard; name = Base; path = Base.lproj/Main.storyboard; sourceTree = "<group>"; };
		DC80990724F603D30080372F /* Assets.xcassets */ = {isa = PBXFileReference; lastKnownFileType = folder.assetcatalog; path = Assets.xcassets; sourceTree = "<group>"; };
		DC80990A24F603D30080372F /* Base */ = {isa = PBXFileReference; lastKnownFileType = file.storyboard; name = Base; path = Base.lproj/LaunchScreen.storyboard; sourceTree = "<group>"; };
		DC80990C24F603D30080372F /* Info.plist */ = {isa = PBXFileReference; lastKnownFileType = text.plist.xml; path = Info.plist; sourceTree = "<group>"; };
		DC80991524F6F8710080372F /* PaymentSelectionTableVC.swift */ = {isa = PBXFileReference; lastKnownFileType = sourcecode.swift; path = PaymentSelectionTableVC.swift; sourceTree = "<group>"; };
		DC80991724F6FAA90080372F /* RoundedButton.swift */ = {isa = PBXFileReference; lastKnownFileType = sourcecode.swift; path = RoundedButton.swift; sourceTree = "<group>"; };
		DC80991F24FDF97D0080372F /* PaymentHelper.swift */ = {isa = PBXFileReference; lastKnownFileType = sourcecode.swift; path = PaymentHelper.swift; sourceTree = "<group>"; };
/* End PBXFileReference section */

/* Begin PBXFrameworksBuildPhase section */
		DC8098F824F603D20080372F /* Frameworks */ = {
			isa = PBXFrameworksBuildPhase;
			buildActionMask = 2147483647;
			files = (
			);
			runOnlyForDeploymentPostprocessing = 0;
		};
/* End PBXFrameworksBuildPhase section */

/* Begin PBXGroup section */
		DC8098F224F603D20080372F = {
			isa = PBXGroup;
			children = (
				DC8098FD24F603D20080372F /* TakeMyMoney */,
				DC8098FC24F603D20080372F /* Products */,
			);
			sourceTree = "<group>";
		};
		DC8098FC24F603D20080372F /* Products */ = {
			isa = PBXGroup;
			children = (
				DC8098FB24F603D20080372F /* TakeMyMoney.app */,
			);
			name = Products;
			sourceTree = "<group>";
		};
		DC8098FD24F603D20080372F /* TakeMyMoney */ = {
			isa = PBXGroup;
			children = (
				DC80991424F6F7F30080372F /* Model */,
				DC80991324F6F7ED0080372F /* Controller */,
				DC80991224F6F7E40080372F /* View */,
				DC8098FE24F603D20080372F /* AppDelegate.swift */,
				DC80990024F603D20080372F /* SceneDelegate.swift */,
				DC80990424F603D20080372F /* Main.storyboard */,
				DC80990724F603D30080372F /* Assets.xcassets */,
				DC80990924F603D30080372F /* LaunchScreen.storyboard */,
				DC80990C24F603D30080372F /* Info.plist */,
			);
			path = TakeMyMoney;
			sourceTree = "<group>";
		};
		DC80991224F6F7E40080372F /* View */ = {
			isa = PBXGroup;
			children = (
				DC80991724F6FAA90080372F /* RoundedButton.swift */,
			);
			path = View;
			sourceTree = "<group>";
		};
		DC80991324F6F7ED0080372F /* Controller */ = {
			isa = PBXGroup;
			children = (
				DC80991524F6F8710080372F /* PaymentSelectionTableVC.swift */,
			);
			path = Controller;
			sourceTree = "<group>";
		};
		DC80991424F6F7F30080372F /* Model */ = {
			isa = PBXGroup;
			children = (
				DC80991F24FDF97D0080372F /* PaymentHelper.swift */,
			);
			path = Model;
			sourceTree = "<group>";
		};
/* End PBXGroup section */

/* Begin PBXNativeTarget section */
		DC8098FA24F603D20080372F /* TakeMyMoney */ = {
			isa = PBXNativeTarget;
			buildConfigurationList = DC80990F24F603D30080372F /* Build configuration list for PBXNativeTarget "TakeMyMoney" */;
			buildPhases = (
				DC8098F724F603D20080372F /* Sources */,
				DC8098F824F603D20080372F /* Frameworks */,
				DC8098F924F603D20080372F /* Resources */,
			);
			buildRules = (
			);
			dependencies = (
			);
			name = TakeMyMoney;
			productName = TakeMyMoney;
			productReference = DC8098FB24F603D20080372F /* TakeMyMoney.app */;
			productType = "com.apple.product-type.application";
		};
/* End PBXNativeTarget section */

/* Begin PBXProject section */
		DC8098F324F603D20080372F /* Project object */ = {
			isa = PBXProject;
			attributes = {
				LastSwiftUpdateCheck = 1160;
				LastUpgradeCheck = 1160;
				ORGANIZATIONNAME = "Adrian Galecki";
				TargetAttributes = {
					DC8098FA24F603D20080372F = {
						CreatedOnToolsVersion = 11.6;
					};
				};
			};
			buildConfigurationList = DC8098F624F603D20080372F /* Build configuration list for PBXProject "TakeMyMoney" */;
			compatibilityVersion = "Xcode 9.3";
			developmentRegion = en;
			hasScannedForEncodings = 0;
			knownRegions = (
				en,
				Base,
			);
			mainGroup = DC8098F224F603D20080372F;
			productRefGroup = DC8098FC24F603D20080372F /* Products */;
			projectDirPath = "";
			projectRoot = "";
			targets = (
				DC8098FA24F603D20080372F /* TakeMyMoney */,
			);
		};
/* End PBXProject section */

/* Begin PBXResourcesBuildPhase section */
		DC8098F924F603D20080372F /* Resources */ = {
			isa = PBXResourcesBuildPhase;
			buildActionMask = 2147483647;
			files = (
				DC80990B24F603D30080372F /* LaunchScreen.storyboard in Resources */,
				DC80990824F603D30080372F /* Assets.xcassets in Resources */,
				DC80990624F603D20080372F /* Main.storyboard in Resources */,
			);
			runOnlyForDeploymentPostprocessing = 0;
		};
/* End PBXResourcesBuildPhase section */

/* Begin PBXSourcesBuildPhase section */
		DC8098F724F603D20080372F /* Sources */ = {
			isa = PBXSourcesBuildPhase;
			buildActionMask = 2147483647;
			files = (
				DC80991624F6F8710080372F /* PaymentSelectionTableVC.swift in Sources */,
				DC80992024FDF97D0080372F /* PaymentHelper.swift in Sources */,
				DC8098FF24F603D20080372F /* AppDelegate.swift in Sources */,
				DC80990124F603D20080372F /* SceneDelegate.swift in Sources */,
				DC80991824F6FAA90080372F /* RoundedButton.swift in Sources */,
			);
			runOnlyForDeploymentPostprocessing = 0;
		};
/* End PBXSourcesBuildPhase section */

/* Begin PBXVariantGroup section */
		DC80990424F603D20080372F /* Main.storyboard */ = {
			isa = PBXVariantGroup;
			children = (
				DC80990524F603D20080372F /* Base */,
			);
			name = Main.storyboard;
			sourceTree = "<group>";
		};
		DC80990924F603D30080372F /* LaunchScreen.storyboard */ = {
			isa = PBXVariantGroup;
			children = (
				DC80990A24F603D30080372F /* Base */,
			);
			name = LaunchScreen.storyboard;
			sourceTree = "<group>";
		};
/* End PBXVariantGroup section */

/* Begin XCBuildConfiguration section */
		DC80990D24F603D30080372F /* Debug */ = {
			isa = XCBuildConfiguration;
			buildSettings = {
				ALWAYS_SEARCH_USER_PATHS = NO;
				CLANG_ANALYZER_NONNULL = YES;
				CLANG_ANALYZER_NUMBER_OBJECT_CONVERSION = YES_AGGRESSIVE;
				CLANG_CXX_LANGUAGE_STANDARD = "gnu++14";
				CLANG_CXX_LIBRARY = "libc++";
				CLANG_ENABLE_MODULES = YES;
				CLANG_ENABLE_OBJC_ARC = YES;
				CLANG_ENABLE_OBJC_WEAK = YES;
				CLANG_WARN_BLOCK_CAPTURE_AUTORELEASING = YES;
				CLANG_WARN_BOOL_CONVERSION = YES;
				CLANG_WARN_COMMA = YES;
				CLANG_WARN_CONSTANT_CONVERSION = YES;
				CLANG_WARN_DEPRECATED_OBJC_IMPLEMENTATIONS = YES;
				CLANG_WARN_DIRECT_OBJC_ISA_USAGE = YES_ERROR;
				CLANG_WARN_DOCUMENTATION_COMMENTS = YES;
				CLANG_WARN_EMPTY_BODY = YES;
				CLANG_WARN_ENUM_CONVERSION = YES;
				CLANG_WARN_INFINITE_RECURSION = YES;
				CLANG_WARN_INT_CONVERSION = YES;
				CLANG_WARN_NON_LITERAL_NULL_CONVERSION = YES;
				CLANG_WARN_OBJC_IMPLICIT_RETAIN_SELF = YES;
				CLANG_WARN_OBJC_LITERAL_CONVERSION = YES;
				CLANG_WARN_OBJC_ROOT_CLASS = YES_ERROR;
				CLANG_WARN_RANGE_LOOP_ANALYSIS = YES;
				CLANG_WARN_STRICT_PROTOTYPES = YES;
				CLANG_WARN_SUSPICIOUS_MOVE = YES;
				CLANG_WARN_UNGUARDED_AVAILABILITY = YES_AGGRESSIVE;
				CLANG_WARN_UNREACHABLE_CODE = YES;
				CLANG_WARN__DUPLICATE_METHOD_MATCH = YES;
				COPY_PHASE_STRIP = NO;
				DEBUG_INFORMATION_FORMAT = dwarf;
				ENABLE_STRICT_OBJC_MSGSEND = YES;
				ENABLE_TESTABILITY = YES;
				GCC_C_LANGUAGE_STANDARD = gnu11;
				GCC_DYNAMIC_NO_PIC = NO;
				GCC_NO_COMMON_BLOCKS = YES;
				GCC_OPTIMIZATION_LEVEL = 0;
				GCC_PREPROCESSOR_DEFINITIONS = (
					"DEBUG=1",
					"$(inherited)",
				);
				GCC_WARN_64_TO_32_BIT_CONVERSION = YES;
				GCC_WARN_ABOUT_RETURN_TYPE = YES_ERROR;
				GCC_WARN_UNDECLARED_SELECTOR = YES;
				GCC_WARN_UNINITIALIZED_AUTOS = YES_AGGRESSIVE;
				GCC_WARN_UNUSED_FUNCTION = YES;
				GCC_WARN_UNUSED_VARIABLE = YES;
				IPHONEOS_DEPLOYMENT_TARGET = 13.6;
				MTL_ENABLE_DEBUG_INFO = INCLUDE_SOURCE;
				MTL_FAST_MATH = YES;
				ONLY_ACTIVE_ARCH = YES;
				SDKROOT = iphoneos;
				SWIFT_ACTIVE_COMPILATION_CONDITIONS = DEBUG;
				SWIFT_OPTIMIZATION_LEVEL = "-Onone";
			};
			name = Debug;
		};
		DC80990E24F603D30080372F /* Release */ = {
			isa = XCBuildConfiguration;
			buildSettings = {
				ALWAYS_SEARCH_USER_PATHS = NO;
				CLANG_ANALYZER_NONNULL = YES;
				CLANG_ANALYZER_NUMBER_OBJECT_CONVERSION = YES_AGGRESSIVE;
				CLANG_CXX_LANGUAGE_STANDARD = "gnu++14";
				CLANG_CXX_LIBRARY = "libc++";
				CLANG_ENABLE_MODULES = YES;
				CLANG_ENABLE_OBJC_ARC = YES;
				CLANG_ENABLE_OBJC_WEAK = YES;
				CLANG_WARN_BLOCK_CAPTURE_AUTORELEASING = YES;
				CLANG_WARN_BOOL_CONVERSION = YES;
				CLANG_WARN_COMMA = YES;
				CLANG_WARN_CONSTANT_CONVERSION = YES;
				CLANG_WARN_DEPRECATED_OBJC_IMPLEMENTATIONS = YES;
				CLANG_WARN_DIRECT_OBJC_ISA_USAGE = YES_ERROR;
				CLANG_WARN_DOCUMENTATION_COMMENTS = YES;
				CLANG_WARN_EMPTY_BODY = YES;
				CLANG_WARN_ENUM_CONVERSION = YES;
				CLANG_WARN_INFINITE_RECURSION = YES;
				CLANG_WARN_INT_CONVERSION = YES;
				CLANG_WARN_NON_LITERAL_NULL_CONVERSION = YES;
				CLANG_WARN_OBJC_IMPLICIT_RETAIN_SELF = YES;
				CLANG_WARN_OBJC_LITERAL_CONVERSION = YES;
				CLANG_WARN_OBJC_ROOT_CLASS = YES_ERROR;
				CLANG_WARN_RANGE_LOOP_ANALYSIS = YES;
				CLANG_WARN_STRICT_PROTOTYPES = YES;
				CLANG_WARN_SUSPICIOUS_MOVE = YES;
				CLANG_WARN_UNGUARDED_AVAILABILITY = YES_AGGRESSIVE;
				CLANG_WARN_UNREACHABLE_CODE = YES;
				CLANG_WARN__DUPLICATE_METHOD_MATCH = YES;
				COPY_PHASE_STRIP = NO;
				DEBUG_INFORMATION_FORMAT = "dwarf-with-dsym";
				ENABLE_NS_ASSERTIONS = NO;
				ENABLE_STRICT_OBJC_MSGSEND = YES;
				GCC_C_LANGUAGE_STANDARD = gnu11;
				GCC_NO_COMMON_BLOCKS = YES;
				GCC_WARN_64_TO_32_BIT_CONVERSION = YES;
				GCC_WARN_ABOUT_RETURN_TYPE = YES_ERROR;
				GCC_WARN_UNDECLARED_SELECTOR = YES;
				GCC_WARN_UNINITIALIZED_AUTOS = YES_AGGRESSIVE;
				GCC_WARN_UNUSED_FUNCTION = YES;
				GCC_WARN_UNUSED_VARIABLE = YES;
				IPHONEOS_DEPLOYMENT_TARGET = 13.6;
				MTL_ENABLE_DEBUG_INFO = NO;
				MTL_FAST_MATH = YES;
				SDKROOT = iphoneos;
				SWIFT_COMPILATION_MODE = wholemodule;
				SWIFT_OPTIMIZATION_LEVEL = "-O";
				VALIDATE_PRODUCT = YES;
			};
			name = Release;
		};
		DC80991024F603D30080372F /* Debug */ = {
			isa = XCBuildConfiguration;
			buildSettings = {
				ASSETCATALOG_COMPILER_APPICON_NAME = AppIcon;
				CODE_SIGN_STYLE = Automatic;
				DEVELOPMENT_TEAM = 93GCYU77NH;
				INFOPLIST_FILE = TakeMyMoney/Info.plist;
				LD_RUNPATH_SEARCH_PATHS = (
					"$(inherited)",
					"@executable_path/Frameworks",
				);
				PRODUCT_BUNDLE_IDENTIFIER = com.galecki.TakeMyMoney;
				PRODUCT_NAME = "$(TARGET_NAME)";
				SWIFT_VERSION = 5.0;
				TARGETED_DEVICE_FAMILY = "1,2";
			};
			name = Debug;
		};
		DC80991124F603D30080372F /* Release */ = {
			isa = XCBuildConfiguration;
			buildSettings = {
				ASSETCATALOG_COMPILER_APPICON_NAME = AppIcon;
				CODE_SIGN_STYLE = Automatic;
				DEVELOPMENT_TEAM = 93GCYU77NH;
				INFOPLIST_FILE = TakeMyMoney/Info.plist;
				LD_RUNPATH_SEARCH_PATHS = (
					"$(inherited)",
					"@executable_path/Frameworks",
				);
				PRODUCT_BUNDLE_IDENTIFIER = com.galecki.TakeMyMoney;
				PRODUCT_NAME = "$(TARGET_NAME)";
				SWIFT_VERSION = 5.0;
				TARGETED_DEVICE_FAMILY = "1,2";
			};
			name = Release;
		};
/* End XCBuildConfiguration section */

/* Begin XCConfigurationList section */
		DC8098F624F603D20080372F /* Build configuration list for PBXProject "TakeMyMoney" */ = {
			isa = XCConfigurationList;
			buildConfigurations = (
				DC80990D24F603D30080372F /* Debug */,
				DC80990E24F603D30080372F /* Release */,
			);
			defaultConfigurationIsVisible = 0;
			defaultConfigurationName = Release;
		};
		DC80990F24F603D30080372F /* Build configuration list for PBXNativeTarget "TakeMyMoney" */ = {
			isa = XCConfigurationList;
			buildConfigurations = (
				DC80991024F603D30080372F /* Debug */,
				DC80991124F603D30080372F /* Release */,
			);
			defaultConfigurationIsVisible = 0;
			defaultConfigurationName = Release;
		};
/* End XCConfigurationList section */
	};
	rootObject = DC8098F324F603D20080372F /* Project object */;
}
